lockfileVersion: '9.0'

settings:
  autoInstallPeers: true
  excludeLinksFromLockfile: false

importers:

  .:
    dependencies:
      '@arkade-os/sdk':
        specifier: ^0.2.3
        version: 0.2.3

packages:

  '@arkade-os/sdk@0.2.3':
    resolution: {integrity: sha512-N2O39qu410wtGFzvddKBYuvXf5DGHzWYO/MdHbI4j502bkd2pFG24S3D8eiFpTJTvx2ji/jxMHL9MZIWkLYdWA==}
    engines: {node: ^14.17.0 || ^16.13.0 || >=18.0.0}

  '@noble/curves@1.9.1':
    resolution: {integrity: sha512-k11yZxZg+t+gWvBbIswW0yoJlu8cHOC7dhunwOzoWH/mXGBiYyR4YY6hAEK/3EUs4UpB8la1RfdRpeGsFHkWsA==}
    engines: {node: ^14.21.3 || >=16}

  '@noble/hashes@1.8.0':
    resolution: {integrity: sha512-jCs9ldd7NwzpgXDIf6P3+NrHh9/sD6CQdxHyjQI+h/6rDNo88ypBxxz45UDuZHz9r3tNz7N/VInSVoVdtXEI4A==}
    engines: {node: ^14.21.3 || >=16}

  '@noble/secp256k1@2.2.3':
    resolution: {integrity: sha512-l7r5oEQym9Us7EAigzg30/PQAvynhMt2uoYtT3t26eGDVm9Yii5mZ5jWSWmZ/oSIR2Et0xfc6DXrG0bZ787V3w==}

  '@scure/base@1.2.6':
    resolution: {integrity: sha512-g/nm5FgUa//MCj1gV09zTJTaM6KBAHqLN907YVQqf7zC49+DcO4B1so4ZX07Ef10Twr6nuqYEH9GEggFXA4Fmg==}

  '@scure/btc-signer@1.8.1':
    resolution: {integrity: sha512-8nX9T++dFyKpvqksNHfSi9CgRsGnHAQtCdIQ1y1GmbCGLpV97v4MUyemUUT6uDumKL3oo3m4niyY6A32nmdLuQ==}

  bip68@1.0.4:
    resolution: {integrity: sha512-O1htyufFTYy3EO0JkHg2CLykdXEtV2ssqw47Gq9A0WByp662xpJnMEB9m43LZjsSDjIAOozWRExlFQk2hlV1XQ==}
    engines: {node: '>=4.5.0'}

  micro-packed@0.7.3:
    resolution: {integrity: sha512-2Milxs+WNC00TRlem41oRswvw31146GiSaoCT7s3Xi2gMUglW5QBeqlQaZeHr5tJx9nm3i57LNXPqxOOaWtTYg==}

snapshots:

  '@arkade-os/sdk@0.2.3':
    dependencies:
      '@noble/curves': 1.9.1
      '@noble/hashes': 1.8.0
      '@noble/secp256k1': 2.2.3
      '@scure/base': 1.2.6
      '@scure/btc-signer': 1.8.1
      bip68: 1.0.4

  '@noble/curves@1.9.1':
    dependencies:
      '@noble/hashes': 1.8.0

  '@noble/hashes@1.8.0': {}

  '@noble/secp256k1@2.2.3': {}

  '@scure/base@1.2.6': {}

  '@scure/btc-signer@1.8.1':
    dependencies:
      '@noble/curves': 1.9.1
      '@noble/hashes': 1.8.0
      '@scure/base': 1.2.6
      micro-packed: 0.7.3

  bip68@1.0.4: {}

  micro-packed@0.7.3:
    dependencies:
      '@scure/base': 1.2.6
